// !$*UTF8*$!
{
	archiveVersion = 1;
	classes = {
	};
	objectVersion = 46;
	objects = {

/* Begin PBXAggregateTarget section */
		"KKBOXOpenAPISwift::KKBOXOpenAPISwiftPackageTests::ProductTarget" /* KKBOXOpenAPISwiftPackageTests */ = {
			isa = PBXAggregateTarget;
			buildConfigurationList = OBJ_44 /* Build configuration list for PBXAggregateTarget "KKBOXOpenAPISwiftPackageTests" */;
			buildPhases = (
			);
			dependencies = (
				OBJ_47 /* PBXTargetDependency */,
			);
			name = KKBOXOpenAPISwiftPackageTests;
			productName = KKBOXOpenAPISwiftPackageTests;
		};
/* End PBXAggregateTarget section */

/* Begin PBXBuildFile section */
		OBJ_24 /* Package.swift in Sources */ = {isa = PBXBuildFile; fileRef = OBJ_6 /* Package.swift */; };
		OBJ_30 /* OpenAPI_SwiftTests.swift in Sources */ = {isa = PBXBuildFile; fileRef = OBJ_14 /* OpenAPI_SwiftTests.swift */; };
		OBJ_32 /* KKBOXOpenAPISwift.framework in Frameworks */ = {isa = PBXBuildFile; fileRef = "KKBOXOpenAPISwift::KKBOXOpenAPISwift::Product" /* KKBOXOpenAPISwift.framework */; };
		OBJ_39 /* KKBOXOpenAPI.swift in Sources */ = {isa = PBXBuildFile; fileRef = OBJ_9 /* KKBOXOpenAPI.swift */; };
		OBJ_40 /* KKBOXOpenAPIPrivateTypes.swift in Sources */ = {isa = PBXBuildFile; fileRef = OBJ_10 /* KKBOXOpenAPIPrivateTypes.swift */; };
		OBJ_41 /* KKBOXOpenAPITypes.swift in Sources */ = {isa = PBXBuildFile; fileRef = OBJ_11 /* KKBOXOpenAPITypes.swift */; };
/* End PBXBuildFile section */

/* Begin PBXContainerItemProxy section */
		D43FBE05201D92A40087C146 /* PBXContainerItemProxy */ = {
			isa = PBXContainerItemProxy;
			containerPortal = OBJ_1 /* Project object */;
			proxyType = 1;
			remoteGlobalIDString = "KKBOXOpenAPISwift::KKBOXOpenAPISwift";
			remoteInfo = KKBOXOpenAPISwift;
		};
		D43FBE06201D92A50087C146 /* PBXContainerItemProxy */ = {
			isa = PBXContainerItemProxy;
			containerPortal = OBJ_1 /* Project object */;
			proxyType = 1;
			remoteGlobalIDString = "KKBOXOpenAPISwift::KKBOXOpenAPISwiftTests";
			remoteInfo = KKBOXOpenAPISwiftTests;
		};
/* End PBXContainerItemProxy section */

/* Begin PBXFileReference section */
		"KKBOXOpenAPISwift::KKBOXOpenAPISwift::Product" /* KKBOXOpenAPISwift.framework */ = {isa = PBXFileReference; explicitFileType = wrapper.framework; path = KKBOXOpenAPISwift.framework; sourceTree = BUILT_PRODUCTS_DIR; };
		"KKBOXOpenAPISwift::KKBOXOpenAPISwiftTests::Product" /* KKBOXOpenAPISwiftTests.xctest */ = {isa = PBXFileReference; explicitFileType = wrapper.cfbundle; path = KKBOXOpenAPISwiftTests.xctest; sourceTree = BUILT_PRODUCTS_DIR; };
		OBJ_10 /* KKBOXOpenAPIPrivateTypes.swift */ = {isa = PBXFileReference; lastKnownFileType = sourcecode.swift; path = KKBOXOpenAPIPrivateTypes.swift; sourceTree = "<group>"; };
		OBJ_11 /* KKBOXOpenAPITypes.swift */ = {isa = PBXFileReference; lastKnownFileType = sourcecode.swift; path = KKBOXOpenAPITypes.swift; sourceTree = "<group>"; };
		OBJ_14 /* OpenAPI_SwiftTests.swift */ = {isa = PBXFileReference; lastKnownFileType = sourcecode.swift; path = OpenAPI_SwiftTests.swift; sourceTree = "<group>"; };
		OBJ_6 /* Package.swift */ = {isa = PBXFileReference; explicitFileType = sourcecode.swift; path = Package.swift; sourceTree = "<group>"; };
		OBJ_9 /* KKBOXOpenAPI.swift */ = {isa = PBXFileReference; lastKnownFileType = sourcecode.swift; path = KKBOXOpenAPI.swift; sourceTree = "<group>"; };
/* End PBXFileReference section */

/* Begin PBXFrameworksBuildPhase section */
		OBJ_31 /* Frameworks */ = {
			isa = PBXFrameworksBuildPhase;
			buildActionMask = 0;
			files = (
				OBJ_32 /* KKBOXOpenAPISwift.framework in Frameworks */,
			);
			runOnlyForDeploymentPostprocessing = 0;
		};
		OBJ_42 /* Frameworks */ = {
			isa = PBXFrameworksBuildPhase;
			buildActionMask = 0;
			files = (
			);
			runOnlyForDeploymentPostprocessing = 0;
		};
/* End PBXFrameworksBuildPhase section */

/* Begin PBXGroup section */
		OBJ_12 /* Tests */ = {
			isa = PBXGroup;
			children = (
				OBJ_13 /* KKBOXOpenAPISwiftTests */,
			);
			name = Tests;
			sourceTree = SOURCE_ROOT;
		};
		OBJ_13 /* KKBOXOpenAPISwiftTests */ = {
			isa = PBXGroup;
			children = (
				OBJ_14 /* OpenAPI_SwiftTests.swift */,
			);
			name = KKBOXOpenAPISwiftTests;
			path = Tests/KKBOXOpenAPISwiftTests;
			sourceTree = SOURCE_ROOT;
		};
		OBJ_16 /* Products */ = {
			isa = PBXGroup;
			children = (
				"KKBOXOpenAPISwift::KKBOXOpenAPISwiftTests::Product" /* KKBOXOpenAPISwiftTests.xctest */,
				"KKBOXOpenAPISwift::KKBOXOpenAPISwift::Product" /* KKBOXOpenAPISwift.framework */,
			);
			name = Products;
			sourceTree = BUILT_PRODUCTS_DIR;
		};
		OBJ_5 = {
			isa = PBXGroup;
			children = (
				OBJ_6 /* Package.swift */,
				OBJ_7 /* Sources */,
				OBJ_12 /* Tests */,
				OBJ_16 /* Products */,
			);
			sourceTree = "<group>";
		};
		OBJ_7 /* Sources */ = {
			isa = PBXGroup;
			children = (
				OBJ_8 /* KKBOXOpenAPISwift */,
			);
			name = Sources;
			sourceTree = SOURCE_ROOT;
		};
		OBJ_8 /* KKBOXOpenAPISwift */ = {
			isa = PBXGroup;
			children = (
				OBJ_9 /* KKBOXOpenAPI.swift */,
				OBJ_10 /* KKBOXOpenAPIPrivateTypes.swift */,
				OBJ_11 /* KKBOXOpenAPITypes.swift */,
			);
			name = KKBOXOpenAPISwift;
			path = Sources/KKBOXOpenAPISwift;
			sourceTree = SOURCE_ROOT;
		};
/* End PBXGroup section */

/* Begin PBXNativeTarget section */
		"KKBOXOpenAPISwift::KKBOXOpenAPISwift" /* KKBOXOpenAPISwift */ = {
			isa = PBXNativeTarget;
			buildConfigurationList = OBJ_35 /* Build configuration list for PBXNativeTarget "KKBOXOpenAPISwift" */;
			buildPhases = (
				OBJ_38 /* Sources */,
				OBJ_42 /* Frameworks */,
			);
			buildRules = (
			);
			dependencies = (
			);
			name = KKBOXOpenAPISwift;
			productName = KKBOXOpenAPISwift;
			productReference = "KKBOXOpenAPISwift::KKBOXOpenAPISwift::Product" /* KKBOXOpenAPISwift.framework */;
			productType = "com.apple.product-type.framework";
		};
		"KKBOXOpenAPISwift::KKBOXOpenAPISwiftTests" /* KKBOXOpenAPISwiftTests */ = {
			isa = PBXNativeTarget;
			buildConfigurationList = OBJ_26 /* Build configuration list for PBXNativeTarget "KKBOXOpenAPISwiftTests" */;
			buildPhases = (
				OBJ_29 /* Sources */,
				OBJ_31 /* Frameworks */,
			);
			buildRules = (
			);
			dependencies = (
				OBJ_33 /* PBXTargetDependency */,
			);
			name = KKBOXOpenAPISwiftTests;
			productName = KKBOXOpenAPISwiftTests;
			productReference = "KKBOXOpenAPISwift::KKBOXOpenAPISwiftTests::Product" /* KKBOXOpenAPISwiftTests.xctest */;
			productType = "com.apple.product-type.bundle.unit-test";
		};
		"KKBOXOpenAPISwift::SwiftPMPackageDescription" /* KKBOXOpenAPISwiftPackageDescription */ = {
			isa = PBXNativeTarget;
			buildConfigurationList = OBJ_20 /* Build configuration list for PBXNativeTarget "KKBOXOpenAPISwiftPackageDescription" */;
			buildPhases = (
				OBJ_23 /* Sources */,
			);
			buildRules = (
			);
			dependencies = (
			);
			name = KKBOXOpenAPISwiftPackageDescription;
			productName = KKBOXOpenAPISwiftPackageDescription;
			productType = "com.apple.product-type.framework";
		};
/* End PBXNativeTarget section */

/* Begin PBXProject section */
		OBJ_1 /* Project object */ = {
			isa = PBXProject;
			attributes = {
				LastUpgradeCheck = 9999;
				TargetAttributes = {
					"KKBOXOpenAPISwift::KKBOXOpenAPISwift" = {
						LastSwiftMigration = 1010;
					};
					"KKBOXOpenAPISwift::KKBOXOpenAPISwiftTests" = {
						LastSwiftMigration = 1010;
					};
				};
			};
			buildConfigurationList = OBJ_2 /* Build configuration list for PBXProject "KKBOXOpenAPISwift" */;
			compatibilityVersion = "Xcode 3.2";
			developmentRegion = English;
			hasScannedForEncodings = 0;
			knownRegions = (
				en,
			);
			mainGroup = OBJ_5;
			productRefGroup = OBJ_16 /* Products */;
			projectDirPath = "";
			projectRoot = "";
			targets = (
				"KKBOXOpenAPISwift::SwiftPMPackageDescription" /* KKBOXOpenAPISwiftPackageDescription */,
				"KKBOXOpenAPISwift::KKBOXOpenAPISwiftTests" /* KKBOXOpenAPISwiftTests */,
				"KKBOXOpenAPISwift::KKBOXOpenAPISwift" /* KKBOXOpenAPISwift */,
				"KKBOXOpenAPISwift::KKBOXOpenAPISwiftPackageTests::ProductTarget" /* KKBOXOpenAPISwiftPackageTests */,
			);
		};
/* End PBXProject section */

/* Begin PBXSourcesBuildPhase section */
		OBJ_23 /* Sources */ = {
			isa = PBXSourcesBuildPhase;
			buildActionMask = 0;
			files = (
				OBJ_24 /* Package.swift in Sources */,
			);
			runOnlyForDeploymentPostprocessing = 0;
		};
		OBJ_29 /* Sources */ = {
			isa = PBXSourcesBuildPhase;
			buildActionMask = 0;
			files = (
				OBJ_30 /* OpenAPI_SwiftTests.swift in Sources */,
			);
			runOnlyForDeploymentPostprocessing = 0;
		};
		OBJ_38 /* Sources */ = {
			isa = PBXSourcesBuildPhase;
			buildActionMask = 0;
			files = (
				OBJ_39 /* KKBOXOpenAPI.swift in Sources */,
				OBJ_40 /* KKBOXOpenAPIPrivateTypes.swift in Sources */,
				OBJ_41 /* KKBOXOpenAPITypes.swift in Sources */,
			);
			runOnlyForDeploymentPostprocessing = 0;
		};
/* End PBXSourcesBuildPhase section */

/* Begin PBXTargetDependency section */
		OBJ_33 /* PBXTargetDependency */ = {
			isa = PBXTargetDependency;
			target = "KKBOXOpenAPISwift::KKBOXOpenAPISwift" /* KKBOXOpenAPISwift */;
			targetProxy = D43FBE05201D92A40087C146 /* PBXContainerItemProxy */;
		};
		OBJ_47 /* PBXTargetDependency */ = {
			isa = PBXTargetDependency;
			target = "KKBOXOpenAPISwift::KKBOXOpenAPISwiftTests" /* KKBOXOpenAPISwiftTests */;
			targetProxy = D43FBE06201D92A50087C146 /* PBXContainerItemProxy */;
		};
/* End PBXTargetDependency section */

/* Begin XCBuildConfiguration section */
		OBJ_21 /* Debug */ = {
			isa = XCBuildConfiguration;
			buildSettings = {
				LD = /usr/bin/true;
				OTHER_SWIFT_FLAGS = "-swift-version 4 -I /Applications/Xcode.app/Contents/Developer/Toolchains/XcodeDefault.xctoolchain/usr/lib/swift/pm/4 -target x86_64-apple-macosx10.10 -sdk /Applications/Xcode.app/Contents/Developer/Platforms/MacOSX.platform/Developer/SDKs/MacOSX10.13.sdk";
				SWIFT_VERSION = 4.0;
			};
			name = Debug;
		};
		OBJ_22 /* Release */ = {
			isa = XCBuildConfiguration;
			buildSettings = {
				LD = /usr/bin/true;
				OTHER_SWIFT_FLAGS = "-swift-version 4 -I /Applications/Xcode.app/Contents/Developer/Toolchains/XcodeDefault.xctoolchain/usr/lib/swift/pm/4 -target x86_64-apple-macosx10.10 -sdk /Applications/Xcode.app/Contents/Developer/Platforms/MacOSX.platform/Developer/SDKs/MacOSX10.13.sdk";
				SWIFT_VERSION = 4.0;
			};
			name = Release;
		};
		OBJ_27 /* Debug */ = {
			isa = XCBuildConfiguration;
			buildSettings = {
				EMBEDDED_CONTENT_CONTAINS_SWIFT = YES;
				FRAMEWORK_SEARCH_PATHS = (
					"$(inherited)",
					"$(PLATFORM_DIR)/Developer/Library/Frameworks",
				);
				HEADER_SEARCH_PATHS = "$(inherited)";
				INFOPLIST_FILE = KKBOXOpenAPISwift.xcodeproj/KKBOXOpenAPISwiftTests_Info.plist;
				LD_RUNPATH_SEARCH_PATHS = "@loader_path/../Frameworks @loader_path/Frameworks";
				OTHER_LDFLAGS = "$(inherited)";
				OTHER_SWIFT_FLAGS = "$(inherited)";
				SWIFT_VERSION = 4.2;
				TARGET_NAME = KKBOXOpenAPISwiftTests;
			};
			name = Debug;
		};
		OBJ_28 /* Release */ = {
			isa = XCBuildConfiguration;
			buildSettings = {
				EMBEDDED_CONTENT_CONTAINS_SWIFT = YES;
				FRAMEWORK_SEARCH_PATHS = (
					"$(inherited)",
					"$(PLATFORM_DIR)/Developer/Library/Frameworks",
				);
				HEADER_SEARCH_PATHS = "$(inherited)";
				INFOPLIST_FILE = KKBOXOpenAPISwift.xcodeproj/KKBOXOpenAPISwiftTests_Info.plist;
				LD_RUNPATH_SEARCH_PATHS = "@loader_path/../Frameworks @loader_path/Frameworks";
				OTHER_LDFLAGS = "$(inherited)";
				OTHER_SWIFT_FLAGS = "$(inherited)";
				SWIFT_VERSION = 4.2;
				TARGET_NAME = KKBOXOpenAPISwiftTests;
			};
			name = Release;
		};
		OBJ_3 /* Debug */ = {
			isa = XCBuildConfiguration;
			buildSettings = {
				CLANG_ENABLE_OBJC_ARC = YES;
				COMBINE_HIDPI_IMAGES = YES;
				COPY_PHASE_STRIP = NO;
				DEBUG_INFORMATION_FORMAT = dwarf;
				DYLIB_INSTALL_NAME_BASE = "@rpath";
				ENABLE_NS_ASSERTIONS = YES;
				GCC_OPTIMIZATION_LEVEL = 0;
				MACOSX_DEPLOYMENT_TARGET = 10.10;
				ONLY_ACTIVE_ARCH = YES;
				OTHER_SWIFT_FLAGS = "-DXcode";
				PRODUCT_NAME = "$(TARGET_NAME)";
				SDKROOT = macosx;
				SUPPORTED_PLATFORMS = "macosx iphoneos iphonesimulator appletvos appletvsimulator watchos watchsimulator";
				SWIFT_ACTIVE_COMPILATION_CONDITIONS = SWIFT_PACKAGE;
				SWIFT_OPTIMIZATION_LEVEL = "-Onone";
				USE_HEADERMAP = NO;
			};
			name = Debug;
		};
		OBJ_36 /* Debug */ = {
			isa = XCBuildConfiguration;
			buildSettings = {
				ENABLE_TESTABILITY = YES;
				FRAMEWORK_SEARCH_PATHS = (
					"$(inherited)",
					"$(PLATFORM_DIR)/Developer/Library/Frameworks",
				);
				HEADER_SEARCH_PATHS = "$(inherited)";
				INFOPLIST_FILE = KKBOXOpenAPISwift.xcodeproj/KKBOXOpenAPISwift_Info.plist;
				LD_RUNPATH_SEARCH_PATHS = "$(TOOLCHAIN_DIR)/usr/lib/swift/macosx";
				OTHER_LDFLAGS = "$(inherited)";
				OTHER_SWIFT_FLAGS = "$(inherited)";
				PRODUCT_BUNDLE_IDENTIFIER = KKBOXOpenAPISwift;
				PRODUCT_MODULE_NAME = "$(TARGET_NAME:c99extidentifier)";
				PRODUCT_NAME = "$(TARGET_NAME:c99extidentifier)";
				SKIP_INSTALL = YES;
				SWIFT_VERSION = 4.2;
				TARGET_NAME = KKBOXOpenAPISwift;
			};
			name = Debug;
		};
		OBJ_37 /* Release */ = {
			isa = XCBuildConfiguration;
			buildSettings = {
				ENABLE_TESTABILITY = YES;
				FRAMEWORK_SEARCH_PATHS = (
					"$(inherited)",
					"$(PLATFORM_DIR)/Developer/Library/Frameworks",
				);
				HEADER_SEARCH_PATHS = "$(inherited)";
				INFOPLIST_FILE = KKBOXOpenAPISwift.xcodeproj/KKBOXOpenAPISwift_Info.plist;
				LD_RUNPATH_SEARCH_PATHS = "$(TOOLCHAIN_DIR)/usr/lib/swift/macosx";
				OTHER_LDFLAGS = "$(inherited)";
				OTHER_SWIFT_FLAGS = "$(inherited)";
				PRODUCT_BUNDLE_IDENTIFIER = KKBOXOpenAPISwift;
				PRODUCT_MODULE_NAME = "$(TARGET_NAME:c99extidentifier)";
				PRODUCT_NAME = "$(TARGET_NAME:c99extidentifier)";
				SKIP_INSTALL = YES;
				SWIFT_VERSION = 4.2;
				TARGET_NAME = KKBOXOpenAPISwift;
			};
			name = Release;
		};
		OBJ_4 /* Release */ = {
			isa = XCBuildConfiguration;
			buildSettings = {
				CLANG_ENABLE_OBJC_ARC = YES;
				COMBINE_HIDPI_IMAGES = YES;
				COPY_PHASE_STRIP = YES;
				DEBUG_INFORMATION_FORMAT = "dwarf-with-dsym";
				DYLIB_INSTALL_NAME_BASE = "@rpath";
				GCC_OPTIMIZATION_LEVEL = s;
				MACOSX_DEPLOYMENT_TARGET = 10.10;
				OTHER_SWIFT_FLAGS = "-DXcode";
				PRODUCT_NAME = "$(TARGET_NAME)";
				SDKROOT = macosx;
				SUPPORTED_PLATFORMS = "macosx iphoneos iphonesimulator appletvos appletvsimulator watchos watchsimulator";
				SWIFT_ACTIVE_COMPILATION_CONDITIONS = SWIFT_PACKAGE;
				SWIFT_OPTIMIZATION_LEVEL = "-Owholemodule";
				USE_HEADERMAP = NO;
			};
			name = Release;
		};
		OBJ_45 /* Debug */ = {
			isa = XCBuildConfiguration;
			buildSettings = {
			};
			name = Debug;
		};
		OBJ_46 /* Release */ = {
			isa = XCBuildConfiguration;
			buildSettings = {
			};
			name = Release;
		};
/* End XCBuildConfiguration section */

/* Begin XCConfigurationList section */
		OBJ_2 /* Build configuration list for PBXProject "KKBOXOpenAPISwift" */ = {
			isa = XCConfigurationList;
			buildConfigurations = (
				OBJ_3 /* Debug */,
				OBJ_4 /* Release */,
			);
			defaultConfigurationIsVisible = 0;
			defaultConfigurationName = Debug;
		};
		OBJ_20 /* Build configuration list for PBXNativeTarget "KKBOXOpenAPISwiftPackageDescription" */ = {
			isa = XCConfigurationList;
			buildConfigurations = (
				OBJ_21 /* Debug */,
				OBJ_22 /* Release */,
			);
			defaultConfigurationIsVisible = 0;
			defaultConfigurationName = Debug;
		};
		OBJ_26 /* Build configuration list for PBXNativeTarget "KKBOXOpenAPISwiftTests" */ = {
			isa = XCConfigurationList;
			buildConfigurations = (
				OBJ_27 /* Debug */,
				OBJ_28 /* Release */,
			);
			defaultConfigurationIsVisible = 0;
			defaultConfigurationName = Debug;
		};
		OBJ_35 /* Build configuration list for PBXNativeTarget "KKBOXOpenAPISwift" */ = {
			isa = XCConfigurationList;
			buildConfigurations = (
				OBJ_36 /* Debug */,
				OBJ_37 /* Release */,
			);
			defaultConfigurationIsVisible = 0;
			defaultConfigurationName = Debug;
		};
		OBJ_44 /* Build configuration list for PBXAggregateTarget "KKBOXOpenAPISwiftPackageTests" */ = {
			isa = XCConfigurationList;
			buildConfigurations = (
				OBJ_45 /* Debug */,
				OBJ_46 /* Release */,
			);
			defaultConfigurationIsVisible = 0;
			defaultConfigurationName = Debug;
		};
/* End XCConfigurationList section */
	};
	rootObject = OBJ_1 /* Project object */;
}
